
Microsoft Visual Studio Solution File, Format Version 12.00
# Visual Studio Version 16
VisualStudioVersion = 16.0.30011.22
MinimumVisualStudioVersion = 10.0.40219.1
Project("{9A19103F-16F7-4668-BE54-9A1E7A4F7556}") = "Elipgo.ShoeStock.Api", "Elipgo.Shoe.Stock\Elipgo.ShoeStock.Api.csproj", "{3EE48627-B4CE-4012-B67B-25985CB3C8F9}"
EndProject
Project("{9A19103F-16F7-4668-BE54-9A1E7A4F7556}") = "Elipgo.ShoeStock.Database", "StockDatabase\Elipgo.ShoeStock.Database.csproj", "{F77A4039-B6D0-4F25-9F2C-D86DF84D881C}"
EndProject
Project("{9A19103F-16F7-4668-BE54-9A1E7A4F7556}") = "Elipgo.ShoeStock.Provider", "Elipgo.ShoeStock.Provider\Elipgo.ShoeStock.Provider.csproj", "{442CAECE-2A16-45ED-874C-457FE6FF2C6C}"
EndProject
Project("{FAE04EC0-301F-11D3-BF4B-00C04F79EFBC}") = "Elipgo.ShoeStock.UnitTests", "Elipgo.ShoeStock.UnitTests\Elipgo.ShoeStock.UnitTests.csproj", "{48577324-0256-4EAD-B027-9A89BC096BF5}"
EndProject
Global
	GlobalSection(SolutionConfigurationPlatforms) = preSolution
		Debug|Any CPU = Debug|Any CPU
		Release|Any CPU = Release|Any CPU
	EndGlobalSection
	GlobalSection(ProjectConfigurationPlatforms) = postSolution
		{3EE48627-B4CE-4012-B67B-25985CB3C8F9}.Debug|Any CPU.ActiveCfg = Debug|Any CPU
		{3EE48627-B4CE-4012-B67B-25985CB3C8F9}.Debug|Any CPU.Build.0 = Debug|Any CPU
		{3EE48627-B4CE-4012-B67B-25985CB3C8F9}.Release|Any CPU.ActiveCfg = Release|Any CPU
		{3EE48627-B4CE-4012-B67B-25985CB3C8F9}.Release|Any CPU.Build.0 = Release|Any CPU
		{F77A4039-B6D0-4F25-9F2C-D86DF84D881C}.Debug|Any CPU.ActiveCfg = Debug|Any CPU
		{F77A4039-B6D0-4F25-9F2C-D86DF84D881C}.Debug|Any CPU.Build.0 = Debug|Any CPU
		{F77A4039-B6D0-4F25-9F2C-D86DF84D881C}.Release|Any CPU.ActiveCfg = Release|Any CPU
		{F77A4039-B6D0-4F25-9F2C-D86DF84D881C}.Release|Any CPU.Build.0 = Release|Any CPU
		{442CAECE-2A16-45ED-874C-457FE6FF2C6C}.Debug|Any CPU.ActiveCfg = Debug|Any CPU
		{442CAECE-2A16-45ED-874C-457FE6FF2C6C}.Debug|Any CPU.Build.0 = Debug|Any CPU
		{442CAECE-2A16-45ED-874C-457FE6FF2C6C}.Release|Any CPU.ActiveCfg = Release|Any CPU
		{442CAECE-2A16-45ED-874C-457FE6FF2C6C}.Release|Any CPU.Build.0 = Release|Any CPU
		{48577324-0256-4EAD-B027-9A89BC096BF5}.Debug|Any CPU.ActiveCfg = Debug|Any CPU
		{48577324-0256-4EAD-B027-9A89BC096BF5}.Debug|Any CPU.Build.0 = Debug|Any CPU
		{48577324-0256-4EAD-B027-9A89BC096BF5}.Release|Any CPU.ActiveCfg = Release|Any CPU
		{48577324-0256-4EAD-B027-9A89BC096BF5}.Release|Any CPU.Build.0 = Release|Any CPU
	EndGlobalSection
	GlobalSection(SolutionProperties) = preSolution
		HideSolutionNode = FALSE
	EndGlobalSection
	GlobalSection(ExtensibilityGlobals) = postSolution
		SolutionGuid = {1ECCA867-8D83-4661-9F2B-82EB1E8A2B5B}
	EndGlobalSection
EndGlobal
